
Microsoft Visual Studio Solution File, Format Version 12.00
# Visual Studio 2013
VisualStudioVersion = 12.0.30501.0
MinimumVisualStudioVersion = 10.0.40219.1
Project("{FAE04EC0-301F-11D3-BF4B-00C04F79EFBC}") = "SpecFlowHelloWorld", "SpecFlowHelloWorld\SpecFlowHelloWorld.csproj", "{C8D4D68F-35FE-4E7E-8DFD-9353799C7960}"
EndProject
Project("{2150E333-8FDC-42A3-9474-1A3956D46DE8}") = ".nuget", ".nuget", "{BBD8BCF2-B358-4780-A4CD-B5CCAEE887BA}"
	ProjectSection(SolutionItems) = preProject
		.nuget\packages.config = .nuget\packages.config
	EndProjectSection
EndProject
Project("{FAE04EC0-301F-11D3-BF4B-00C04F79EFBC}") = "SpecFlowHelloWorld.Tests", "SpecFlowHelloWorld.Tests\SpecFlowHelloWorld.Tests.csproj", "{B39E0B63-C3E1-4508-BFC7-D7DA136687BC}"
EndProject
Global
	GlobalSection(SolutionConfigurationPlatforms) = preSolution
		Debug|Any CPU = Debug|Any CPU
		Release|Any CPU = Release|Any CPU
	EndGlobalSection
	GlobalSection(ProjectConfigurationPlatforms) = postSolution
		{C8D4D68F-35FE-4E7E-8DFD-9353799C7960}.Debug|Any CPU.ActiveCfg = Debug|Any CPU
		{C8D4D68F-35FE-4E7E-8DFD-9353799C7960}.Debug|Any CPU.Build.0 = Debug|Any CPU
		{C8D4D68F-35FE-4E7E-8DFD-9353799C7960}.Release|Any CPU.ActiveCfg = Release|Any CPU
		{C8D4D68F-35FE-4E7E-8DFD-9353799C7960}.Release|Any CPU.Build.0 = Release|Any CPU
		{B39E0B63-C3E1-4508-BFC7-D7DA136687BC}.Debug|Any CPU.ActiveCfg = Debug|Any CPU
		{B39E0B63-C3E1-4508-BFC7-D7DA136687BC}.Debug|Any CPU.Build.0 = Debug|Any CPU
		{B39E0B63-C3E1-4508-BFC7-D7DA136687BC}.Release|Any CPU.ActiveCfg = Release|Any CPU
		{B39E0B63-C3E1-4508-BFC7-D7DA136687BC}.Release|Any CPU.Build.0 = Release|Any CPU
	EndGlobalSection
	GlobalSection(SolutionProperties) = preSolution
		HideSolutionNode = FALSE
	EndGlobalSection
EndGlobal
